
Microsoft Visual Studio Solution File, Format Version 12.00
# Visual Studio Version 17
VisualStudioVersion = 17.5.002.0
MinimumVisualStudioVersion = 10.0.40219.1
Project("{2150E333-8FDC-42A3-9474-1A3956D46DE8}") = "csharp-prep", "csharp-prep", "{D691F351-C957-438A-8661-331015113937}"
EndProject
Project("{9A19103F-16F7-4668-BE54-9A1E7A4F7556}") = "Prep1", "csharp-prep\Prep1\Prep1.csproj", "{79955807-D511-492D-876B-FD5F565A28F4}"
EndProject
Project("{9A19103F-16F7-4668-BE54-9A1E7A4F7556}") = "Prep2", "csharp-prep\Prep2\Prep2.csproj", "{70C9CC23-6EAD-47E0-87A6-82BACECC527D}"
EndProject
Project("{9A19103F-16F7-4668-BE54-9A1E7A4F7556}") = "Prep3", "csharp-prep\Prep3\Prep3.csproj", "{054ACC50-DF8F-4C65-A300-00229A9625C9}"
EndProject
Project("{9A19103F-16F7-4668-BE54-9A1E7A4F7556}") = "Prep4", "csharp-prep\Prep4\Prep4.csproj", "{2673A84A-A7F5-43D5-A23F-6A5038AB1AE3}"
EndProject
Project("{9A19103F-16F7-4668-BE54-9A1E7A4F7556}") = "Prep5", "csharp-prep\Prep5\Prep5.csproj", "{17E70FCD-F4BA-4D68-8794-F258B45969C8}"
EndProject
Project("{2150E333-8FDC-42A3-9474-1A3956D46DE8}") = "final", "final", "{903A6C10-F3E3-431A-9D8E-FE296B763019}"
EndProject
Project("{9A19103F-16F7-4668-BE54-9A1E7A4F7556}") = "FinalProject", "final\FinalProject\FinalProject.csproj", "{6451C1CE-C13A-45A2-8C97-109D28E70401}"
EndProject
Project("{9A19103F-16F7-4668-BE54-9A1E7A4F7556}") = "Foundation1", "final\Foundation1\Foundation1.csproj", "{63B9B8AC-16B8-4C26-A936-8400051EC824}"
EndProject
Project("{9A19103F-16F7-4668-BE54-9A1E7A4F7556}") = "Foundation2", "final\Foundation2\Foundation2.csproj", "{8CAA3DBE-8DDA-4561-B789-060BD448A306}"
EndProject
Project("{9A19103F-16F7-4668-BE54-9A1E7A4F7556}") = "Foundation3", "final\Foundation3\Foundation3.csproj", "{78845007-4E35-4E01-A5DF-01EAEB31694E}"
EndProject
Project("{9A19103F-16F7-4668-BE54-9A1E7A4F7556}") = "Foundation4", "final\Foundation4\Foundation4.csproj", "{017AF463-B751-4000-BA47-E676AD77B67D}"
EndProject
Project("{2150E333-8FDC-42A3-9474-1A3956D46DE8}") = "prepare", "prepare", "{DF4F6022-7028-4096-BD08-CC4FC3A8C6CF}"
EndProject
Project("{9A19103F-16F7-4668-BE54-9A1E7A4F7556}") = "Learning02", "prepare\Learning02\Learning02.csproj", "{6CF9891C-2A5E-413D-A04B-F700E44A9A90}"
EndProject
Project("{9A19103F-16F7-4668-BE54-9A1E7A4F7556}") = "Learning03", "prepare\Learning03\Learning03.csproj", "{05FD2151-87A2-448E-9D1C-CE4084BD2A01}"
EndProject
Project("{9A19103F-16F7-4668-BE54-9A1E7A4F7556}") = "Learning04", "prepare\Learning04\Learning04.csproj", "{23322B51-F573-42A2-BBC0-5C2C8888E337}"
EndProject
Project("{9A19103F-16F7-4668-BE54-9A1E7A4F7556}") = "Learning05", "prepare\Learning05\Learning05.csproj", "{557FE180-E93B-438E-B7E0-B42CAC6806A2}"
EndProject
Project("{2150E333-8FDC-42A3-9474-1A3956D46DE8}") = "prove", "prove", "{31109240-2851-4D0B-BF8B-ADC45442ED95}"
EndProject
Project("{9A19103F-16F7-4668-BE54-9A1E7A4F7556}") = "Develop02", "prove\Develop02\Develop02.csproj", "{11377FF1-77FC-4142-AAA4-01E9B4474A89}"
EndProject
Project("{9A19103F-16F7-4668-BE54-9A1E7A4F7556}") = "Develop03", "prove\Develop03\Develop03.csproj", "{905EF03D-AA07-49A2-997C-F09108E56673}"
EndProject
Project("{9A19103F-16F7-4668-BE54-9A1E7A4F7556}") = "Develop04", "prove\Develop04\Develop04.csproj", "{51F9B728-4357-4FB8-B243-4C3420104FFC}"
EndProject
Project("{9A19103F-16F7-4668-BE54-9A1E7A4F7556}") = "Develop05", "prove\Develop05\Develop05.csproj", "{CADE8A6B-3987-4384-AA0E-01384FE6DF71}"
EndProject
Project("{2150E333-8FDC-42A3-9474-1A3956D46DE8}") = "sandbox", "sandbox", "{91421E7B-7482-46E5-8870-8D63D3F6D116}"
EndProject
Project("{9A19103F-16F7-4668-BE54-9A1E7A4F7556}") = "Sandbox", "sandbox\Sandbox\Sandbox.csproj", "{F1FF0C95-DD8E-442C-9F8D-9A627DFA156B}"
EndProject
Global
	GlobalSection(SolutionConfigurationPlatforms) = preSolution
		Debug|Any CPU = Debug|Any CPU
		Release|Any CPU = Release|Any CPU
	EndGlobalSection
	GlobalSection(ProjectConfigurationPlatforms) = postSolution
		{79955807-D511-492D-876B-FD5F565A28F4}.Debug|Any CPU.ActiveCfg = Debug|Any CPU
		{79955807-D511-492D-876B-FD5F565A28F4}.Debug|Any CPU.Build.0 = Debug|Any CPU
		{79955807-D511-492D-876B-FD5F565A28F4}.Release|Any CPU.ActiveCfg = Release|Any CPU
		{79955807-D511-492D-876B-FD5F565A28F4}.Release|Any CPU.Build.0 = Release|Any CPU
		{70C9CC23-6EAD-47E0-87A6-82BACECC527D}.Debug|Any CPU.ActiveCfg = Debug|Any CPU
		{70C9CC23-6EAD-47E0-87A6-82BACECC527D}.Debug|Any CPU.Build.0 = Debug|Any CPU
		{70C9CC23-6EAD-47E0-87A6-82BACECC527D}.Release|Any CPU.ActiveCfg = Release|Any CPU
		{70C9CC23-6EAD-47E0-87A6-82BACECC527D}.Release|Any CPU.Build.0 = Release|Any CPU
		{054ACC50-DF8F-4C65-A300-00229A9625C9}.Debug|Any CPU.ActiveCfg = Debug|Any CPU
		{054ACC50-DF8F-4C65-A300-00229A9625C9}.Debug|Any CPU.Build.0 = Debug|Any CPU
		{054ACC50-DF8F-4C65-A300-00229A9625C9}.Release|Any CPU.ActiveCfg = Release|Any CPU
		{054ACC50-DF8F-4C65-A300-00229A9625C9}.Release|Any CPU.Build.0 = Release|Any CPU
		{2673A84A-A7F5-43D5-A23F-6A5038AB1AE3}.Debug|Any CPU.ActiveCfg = Debug|Any CPU
		{2673A84A-A7F5-43D5-A23F-6A5038AB1AE3}.Debug|Any CPU.Build.0 = Debug|Any CPU
		{2673A84A-A7F5-43D5-A23F-6A5038AB1AE3}.Release|Any CPU.ActiveCfg = Release|Any CPU
		{2673A84A-A7F5-43D5-A23F-6A5038AB1AE3}.Release|Any CPU.Build.0 = Release|Any CPU
		{17E70FCD-F4BA-4D68-8794-F258B45969C8}.Debug|Any CPU.ActiveCfg = Debug|Any CPU
		{17E70FCD-F4BA-4D68-8794-F258B45969C8}.Debug|Any CPU.Build.0 = Debug|Any CPU
		{17E70FCD-F4BA-4D68-8794-F258B45969C8}.Release|Any CPU.ActiveCfg = Release|Any CPU
		{17E70FCD-F4BA-4D68-8794-F258B45969C8}.Release|Any CPU.Build.0 = Release|Any CPU
		{6451C1CE-C13A-45A2-8C97-109D28E70401}.Debug|Any CPU.ActiveCfg = Debug|Any CPU
		{6451C1CE-C13A-45A2-8C97-109D28E70401}.Debug|Any CPU.Build.0 = Debug|Any CPU
		{6451C1CE-C13A-45A2-8C97-109D28E70401}.Release|Any CPU.ActiveCfg = Release|Any CPU
		{6451C1CE-C13A-45A2-8C97-109D28E70401}.Release|Any CPU.Build.0 = Release|Any CPU
		{63B9B8AC-16B8-4C26-A936-8400051EC824}.Debug|Any CPU.ActiveCfg = Debug|Any CPU
		{63B9B8AC-16B8-4C26-A936-8400051EC824}.Debug|Any CPU.Build.0 = Debug|Any CPU
		{63B9B8AC-16B8-4C26-A936-8400051EC824}.Release|Any CPU.ActiveCfg = Release|Any CPU
		{63B9B8AC-16B8-4C26-A936-8400051EC824}.Release|Any CPU.Build.0 = Release|Any CPU
		{8CAA3DBE-8DDA-4561-B789-060BD448A306}.Debug|Any CPU.ActiveCfg = Debug|Any CPU
		{8CAA3DBE-8DDA-4561-B789-060BD448A306}.Debug|Any CPU.Build.0 = Debug|Any CPU
		{8CAA3DBE-8DDA-4561-B789-060BD448A306}.Release|Any CPU.ActiveCfg = Release|Any CPU
		{8CAA3DBE-8DDA-4561-B789-060BD448A306}.Release|Any CPU.Build.0 = Release|Any CPU
		{78845007-4E35-4E01-A5DF-01EAEB31694E}.Debug|Any CPU.ActiveCfg = Debug|Any CPU
		{78845007-4E35-4E01-A5DF-01EAEB31694E}.Debug|Any CPU.Build.0 = Debug|Any CPU
		{78845007-4E35-4E01-A5DF-01EAEB31694E}.Release|Any CPU.ActiveCfg = Release|Any CPU
		{78845007-4E35-4E01-A5DF-01EAEB31694E}.Release|Any CPU.Build.0 = Release|Any CPU
		{017AF463-B751-4000-BA47-E676AD77B67D}.Debug|Any CPU.ActiveCfg = Debug|Any CPU
		{017AF463-B751-4000-BA47-E676AD77B67D}.Debug|Any CPU.Build.0 = Debug|Any CPU
		{017AF463-B751-4000-BA47-E676AD77B67D}.Release|Any CPU.ActiveCfg = Release|Any CPU
		{017AF463-B751-4000-BA47-E676AD77B67D}.Release|Any CPU.Build.0 = Release|Any CPU
		{6CF9891C-2A5E-413D-A04B-F700E44A9A90}.Debug|Any CPU.ActiveCfg = Debug|Any CPU
		{6CF9891C-2A5E-413D-A04B-F700E44A9A90}.Debug|Any CPU.Build.0 = Debug|Any CPU
		{6CF9891C-2A5E-413D-A04B-F700E44A9A90}.Release|Any CPU.ActiveCfg = Release|Any CPU
		{6CF9891C-2A5E-413D-A04B-F700E44A9A90}.Release|Any CPU.Build.0 = Release|Any CPU
		{05FD2151-87A2-448E-9D1C-CE4084BD2A01}.Debug|Any CPU.ActiveCfg = Debug|Any CPU
		{05FD2151-87A2-448E-9D1C-CE4084BD2A01}.Debug|Any CPU.Build.0 = Debug|Any CPU
		{05FD2151-87A2-448E-9D1C-CE4084BD2A01}.Release|Any CPU.ActiveCfg = Release|Any CPU
		{05FD2151-87A2-448E-9D1C-CE4084BD2A01}.Release|Any CPU.Build.0 = Release|Any CPU
		{23322B51-F573-42A2-BBC0-5C2C8888E337}.Debug|Any CPU.ActiveCfg = Debug|Any CPU
		{23322B51-F573-42A2-BBC0-5C2C8888E337}.Debug|Any CPU.Build.0 = Debug|Any CPU
		{23322B51-F573-42A2-BBC0-5C2C8888E337}.Release|Any CPU.ActiveCfg = Release|Any CPU
		{23322B51-F573-42A2-BBC0-5C2C8888E337}.Release|Any CPU.Build.0 = Release|Any CPU
		{557FE180-E93B-438E-B7E0-B42CAC6806A2}.Debug|Any CPU.ActiveCfg = Debug|Any CPU
		{557FE180-E93B-438E-B7E0-B42CAC6806A2}.Debug|Any CPU.Build.0 = Debug|Any CPU
		{557FE180-E93B-438E-B7E0-B42CAC6806A2}.Release|Any CPU.ActiveCfg = Release|Any CPU
		{557FE180-E93B-438E-B7E0-B42CAC6806A2}.Release|Any CPU.Build.0 = Release|Any CPU
		{11377FF1-77FC-4142-AAA4-01E9B4474A89}.Debug|Any CPU.ActiveCfg = Debug|Any CPU
		{11377FF1-77FC-4142-AAA4-01E9B4474A89}.Debug|Any CPU.Build.0 = Debug|Any CPU
		{11377FF1-77FC-4142-AAA4-01E9B4474A89}.Release|Any CPU.ActiveCfg = Release|Any CPU
		{11377FF1-77FC-4142-AAA4-01E9B4474A89}.Release|Any CPU.Build.0 = Release|Any CPU
		{905EF03D-AA07-49A2-997C-F09108E56673}.Debug|Any CPU.ActiveCfg = Debug|Any CPU
		{905EF03D-AA07-49A2-997C-F09108E56673}.Debug|Any CPU.Build.0 = Debug|Any CPU
		{905EF03D-AA07-49A2-997C-F09108E56673}.Release|Any CPU.ActiveCfg = Release|Any CPU
		{905EF03D-AA07-49A2-997C-F09108E56673}.Release|Any CPU.Build.0 = Release|Any CPU
		{51F9B728-4357-4FB8-B243-4C3420104FFC}.Debug|Any CPU.ActiveCfg = Debug|Any CPU
		{51F9B728-4357-4FB8-B243-4C3420104FFC}.Debug|Any CPU.Build.0 = Debug|Any CPU
		{51F9B728-4357-4FB8-B243-4C3420104FFC}.Release|Any CPU.ActiveCfg = Release|Any CPU
		{51F9B728-4357-4FB8-B243-4C3420104FFC}.Release|Any CPU.Build.0 = Release|Any CPU
		{CADE8A6B-3987-4384-AA0E-01384FE6DF71}.Debug|Any CPU.ActiveCfg = Debug|Any CPU
		{CADE8A6B-3987-4384-AA0E-01384FE6DF71}.Debug|Any CPU.Build.0 = Debug|Any CPU
		{CADE8A6B-3987-4384-AA0E-01384FE6DF71}.Release|Any CPU.ActiveCfg = Release|Any CPU
		{CADE8A6B-3987-4384-AA0E-01384FE6DF71}.Release|Any CPU.Build.0 = Release|Any CPU
		{F1FF0C95-DD8E-442C-9F8D-9A627DFA156B}.Debug|Any CPU.ActiveCfg = Debug|Any CPU
		{F1FF0C95-DD8E-442C-9F8D-9A627DFA156B}.Debug|Any CPU.Build.0 = Debug|Any CPU
		{F1FF0C95-DD8E-442C-9F8D-9A627DFA156B}.Release|Any CPU.ActiveCfg = Release|Any CPU
		{F1FF0C95-DD8E-442C-9F8D-9A627DFA156B}.Release|Any CPU.Build.0 = Release|Any CPU
	EndGlobalSection
	GlobalSection(SolutionProperties) = preSolution
		HideSolutionNode = FALSE
	EndGlobalSection
	GlobalSection(NestedProjects) = preSolution
		{79955807-D511-492D-876B-FD5F565A28F4} = {D691F351-C957-438A-8661-331015113937}
		{70C9CC23-6EAD-47E0-87A6-82BACECC527D} = {D691F351-C957-438A-8661-331015113937}
		{054ACC50-DF8F-4C65-A300-00229A9625C9} = {D691F351-C957-438A-8661-331015113937}
		{2673A84A-A7F5-43D5-A23F-6A5038AB1AE3} = {D691F351-C957-438A-8661-331015113937}
		{17E70FCD-F4BA-4D68-8794-F258B45969C8} = {D691F351-C957-438A-8661-331015113937}
		{6451C1CE-C13A-45A2-8C97-109D28E70401} = {903A6C10-F3E3-431A-9D8E-FE296B763019}
		{63B9B8AC-16B8-4C26-A936-8400051EC824} = {903A6C10-F3E3-431A-9D8E-FE296B763019}
		{8CAA3DBE-8DDA-4561-B789-060BD448A306} = {903A6C10-F3E3-431A-9D8E-FE296B763019}
		{78845007-4E35-4E01-A5DF-01EAEB31694E} = {903A6C10-F3E3-431A-9D8E-FE296B763019}
		{017AF463-B751-4000-BA47-E676AD77B67D} = {903A6C10-F3E3-431A-9D8E-FE296B763019}
		{6CF9891C-2A5E-413D-A04B-F700E44A9A90} = {DF4F6022-7028-4096-BD08-CC4FC3A8C6CF}
		{05FD2151-87A2-448E-9D1C-CE4084BD2A01} = {DF4F6022-7028-4096-BD08-CC4FC3A8C6CF}
		{23322B51-F573-42A2-BBC0-5C2C8888E337} = {DF4F6022-7028-4096-BD08-CC4FC3A8C6CF}
		{557FE180-E93B-438E-B7E0-B42CAC6806A2} = {DF4F6022-7028-4096-BD08-CC4FC3A8C6CF}
		{11377FF1-77FC-4142-AAA4-01E9B4474A89} = {31109240-2851-4D0B-BF8B-ADC45442ED95}
		{905EF03D-AA07-49A2-997C-F09108E56673} = {31109240-2851-4D0B-BF8B-ADC45442ED95}
		{51F9B728-4357-4FB8-B243-4C3420104FFC} = {31109240-2851-4D0B-BF8B-ADC45442ED95}
		{CADE8A6B-3987-4384-AA0E-01384FE6DF71} = {31109240-2851-4D0B-BF8B-ADC45442ED95}
		{F1FF0C95-DD8E-442C-9F8D-9A627DFA156B} = {91421E7B-7482-46E5-8870-8D63D3F6D116}
	EndGlobalSection
	GlobalSection(ExtensibilityGlobals) = postSolution
		SolutionGuid = {9DA90DD5-9CBF-433F-9DF1-81E3ABFF6C8D}
	EndGlobalSection
EndGlobal
